
Microsoft Visual Studio Solution File, Format Version 12.00
# Visual Studio Version 17
VisualStudioVersion = 17.1.31911.260
MinimumVisualStudioVersion = 10.0.40219.1
Project("{FAE04EC0-301F-11D3-BF4B-00C04F79EFBC}") = "IceCreamDecorator", "IceCreamDecorator\IceCreamDecorator.csproj", "{265476B5-B299-4951-A36C-6E9BD31678BA}"
EndProject
Global
	GlobalSection(SolutionConfigurationPlatforms) = preSolution
		Debug|Any CPU = Debug|Any CPU
		Release|Any CPU = Release|Any CPU
	EndGlobalSection
	GlobalSection(ProjectConfigurationPlatforms) = postSolution
		{265476B5-B299-4951-A36C-6E9BD31678BA}.Debug|Any CPU.ActiveCfg = Debug|Any CPU
		{265476B5-B299-4951-A36C-6E9BD31678BA}.Debug|Any CPU.Build.0 = Debug|Any CPU
		{265476B5-B299-4951-A36C-6E9BD31678BA}.Release|Any CPU.ActiveCfg = Release|Any CPU
		{265476B5-B299-4951-A36C-6E9BD31678BA}.Release|Any CPU.Build.0 = Release|Any CPU
	EndGlobalSection
	GlobalSection(SolutionProperties) = preSolution
		HideSolutionNode = FALSE
	EndGlobalSection
	GlobalSection(ExtensibilityGlobals) = postSolution
		SolutionGuid = {AE5726BF-AA5A-43BC-B032-9ABBCC3FFEB6}
	EndGlobalSection
EndGlobal
